
Microsoft Visual Studio Solution File, Format Version 12.00
# Visual Studio Version 17
VisualStudioVersion = 17.0.31903.59
MinimumVisualStudioVersion = 10.0.40219.1
Project("{FAE04EC0-301F-11D3-BF4B-00C04F79EFBC}") = "ContatosRegionais.Domain", "src\ContatosRegionais.Domain\ContatosRegionais.Domain.csproj", "{81FBB524-0991-45B9-A87C-906188436D2B}"
EndProject
Project("{FAE04EC0-301F-11D3-BF4B-00C04F79EFBC}") = "ContatosRegionais.Domain.Tests", "tests\ContatosRegionais.Domain.Tests\ContatosRegionais.Domain.Tests.csproj", "{81801FB1-5A29-FF02-1431-BEEBE97F6B06}"
EndProject
Project("{FAE04EC0-301F-11D3-BF4B-00C04F79EFBC}") = "ContatosRegionais.Application", "src\ContatosRegionais.Application\ContatosRegionais.Application.csproj", "{3C639681-967C-4B28-839B-48AACF35B3BC}"
EndProject
Project("{FAE04EC0-301F-11D3-BF4B-00C04F79EFBC}") = "ContatosRegionais.Infra.Data", "src\ContatosRegionais.Infra.Data\ContatosRegionais.Infra.Data.csproj", "{5F97B724-7F51-44F5-AC99-194970097378}"
EndProject
Project("{FAE04EC0-301F-11D3-BF4B-00C04F79EFBC}") = "ContatosRegionais.Service", "src\ContatosRegionais.Service\ContatosRegionais.Service.csproj", "{F9F7EDFF-CF5C-459B-A078-FD93EBC4979B}"
EndProject
Global
	GlobalSection(SolutionConfigurationPlatforms) = preSolution
		Debug|Any CPU = Debug|Any CPU
		Release|Any CPU = Release|Any CPU
	EndGlobalSection
	GlobalSection(ProjectConfigurationPlatforms) = postSolution
		{81FBB524-0991-45B9-A87C-906188436D2B}.Debug|Any CPU.ActiveCfg = Debug|Any CPU
		{81FBB524-0991-45B9-A87C-906188436D2B}.Debug|Any CPU.Build.0 = Debug|Any CPU
		{81FBB524-0991-45B9-A87C-906188436D2B}.Release|Any CPU.ActiveCfg = Release|Any CPU
		{81FBB524-0991-45B9-A87C-906188436D2B}.Release|Any CPU.Build.0 = Release|Any CPU
		{81801FB1-5A29-FF02-1431-BEEBE97F6B06}.Debug|Any CPU.ActiveCfg = Debug|Any CPU
		{81801FB1-5A29-FF02-1431-BEEBE97F6B06}.Debug|Any CPU.Build.0 = Debug|Any CPU
		{81801FB1-5A29-FF02-1431-BEEBE97F6B06}.Release|Any CPU.ActiveCfg = Release|Any CPU
		{81801FB1-5A29-FF02-1431-BEEBE97F6B06}.Release|Any CPU.Build.0 = Release|Any CPU
		{3C639681-967C-4B28-839B-48AACF35B3BC}.Debug|Any CPU.ActiveCfg = Debug|Any CPU
		{3C639681-967C-4B28-839B-48AACF35B3BC}.Debug|Any CPU.Build.0 = Debug|Any CPU
		{3C639681-967C-4B28-839B-48AACF35B3BC}.Release|Any CPU.ActiveCfg = Release|Any CPU
		{3C639681-967C-4B28-839B-48AACF35B3BC}.Release|Any CPU.Build.0 = Release|Any CPU
		{5F97B724-7F51-44F5-AC99-194970097378}.Debug|Any CPU.ActiveCfg = Debug|Any CPU
		{5F97B724-7F51-44F5-AC99-194970097378}.Debug|Any CPU.Build.0 = Debug|Any CPU
		{5F97B724-7F51-44F5-AC99-194970097378}.Release|Any CPU.ActiveCfg = Release|Any CPU
		{5F97B724-7F51-44F5-AC99-194970097378}.Release|Any CPU.Build.0 = Release|Any CPU
		{F9F7EDFF-CF5C-459B-A078-FD93EBC4979B}.Debug|Any CPU.ActiveCfg = Debug|Any CPU
		{F9F7EDFF-CF5C-459B-A078-FD93EBC4979B}.Debug|Any CPU.Build.0 = Debug|Any CPU
		{F9F7EDFF-CF5C-459B-A078-FD93EBC4979B}.Release|Any CPU.ActiveCfg = Release|Any CPU
		{F9F7EDFF-CF5C-459B-A078-FD93EBC4979B}.Release|Any CPU.Build.0 = Release|Any CPU
	EndGlobalSection
	GlobalSection(SolutionProperties) = preSolution
		HideSolutionNode = FALSE
	EndGlobalSection
	GlobalSection(ExtensibilityGlobals) = postSolution
		SolutionGuid = {A1D364AE-0695-4640-9FF5-33747660A0FF}
	EndGlobalSection
EndGlobal
