
Microsoft Visual Studio Solution File, Format Version 12.00
# Visual Studio Version 17
VisualStudioVersion = 17.0.31903.59
MinimumVisualStudioVersion = 10.0.40219.1
Project("{FAE04EC0-301F-11D3-BF4B-00C04F79EFBC}") = "ContatosRegionais.Domain", "src\ContatosRegionais.Domain\ContatosRegionais.Domain.csproj", "{81FBB524-0991-45B9-A87C-906188436D2B}"
EndProject
Global
	GlobalSection(SolutionConfigurationPlatforms) = preSolution
		Debug|Any CPU = Debug|Any CPU
		Release|Any CPU = Release|Any CPU
	EndGlobalSection
	GlobalSection(ProjectConfigurationPlatforms) = postSolution
		{81FBB524-0991-45B9-A87C-906188436D2B}.Debug|Any CPU.ActiveCfg = Debug|Any CPU
		{81FBB524-0991-45B9-A87C-906188436D2B}.Debug|Any CPU.Build.0 = Debug|Any CPU
		{81FBB524-0991-45B9-A87C-906188436D2B}.Release|Any CPU.ActiveCfg = Release|Any CPU
		{81FBB524-0991-45B9-A87C-906188436D2B}.Release|Any CPU.Build.0 = Release|Any CPU
	EndGlobalSection
	GlobalSection(SolutionProperties) = preSolution
		HideSolutionNode = FALSE
	EndGlobalSection
	GlobalSection(ExtensibilityGlobals) = postSolution
		SolutionGuid = {A1D364AE-0695-4640-9FF5-33747660A0FF}
	EndGlobalSection
EndGlobal
